
Microsoft Visual Studio Solution File, Format Version 12.00
# Visual Studio Version 16
VisualStudioVersion = 16.0.30114.105
MinimumVisualStudioVersion = 10.0.40219.1
Project("{FAE04EC0-301F-11D3-BF4B-00C04F79EFBC}") = "Api", "Api\Api.csproj", "{58112A79-9DCC-464C-B736-414E29D82B7D}"
EndProject
Project("{FAE04EC0-301F-11D3-BF4B-00C04F79EFBC}") = "Database", "Database\Database.csproj", "{E2A55C5F-2D9F-4AEB-A9C6-833EFA2E2131}"
EndProject
Project("{FAE04EC0-301F-11D3-BF4B-00C04F79EFBC}") = "MediatorRequests", "MediatorRequests\MediatorRequests.csproj", "{AD8A00A0-42E7-45DF-AE92-CB6BAFAE7414}"
EndProject
Project("{FAE04EC0-301F-11D3-BF4B-00C04F79EFBC}") = "ObjectMapper", "ObjectMapper\ObjectMapper.csproj", "{26DA089F-D523-41D3-967F-FDE2905445B0}"
EndProject
Project("{FAE04EC0-301F-11D3-BF4B-00C04F79EFBC}") = "Contracts", "Contracts\Contracts.csproj", "{E259538F-C572-4AB9-86C2-11A70E3CFAE0}"
EndProject
Global
	GlobalSection(SolutionConfigurationPlatforms) = preSolution
		Debug|Any CPU = Debug|Any CPU
		Debug|x64 = Debug|x64
		Debug|x86 = Debug|x86
		Release|Any CPU = Release|Any CPU
		Release|x64 = Release|x64
		Release|x86 = Release|x86
	EndGlobalSection
	GlobalSection(SolutionProperties) = preSolution
		HideSolutionNode = FALSE
	EndGlobalSection
	GlobalSection(ProjectConfigurationPlatforms) = postSolution
		{58112A79-9DCC-464C-B736-414E29D82B7D}.Debug|Any CPU.ActiveCfg = Debug|Any CPU
		{58112A79-9DCC-464C-B736-414E29D82B7D}.Debug|Any CPU.Build.0 = Debug|Any CPU
		{58112A79-9DCC-464C-B736-414E29D82B7D}.Debug|x64.ActiveCfg = Debug|Any CPU
		{58112A79-9DCC-464C-B736-414E29D82B7D}.Debug|x64.Build.0 = Debug|Any CPU
		{58112A79-9DCC-464C-B736-414E29D82B7D}.Debug|x86.ActiveCfg = Debug|Any CPU
		{58112A79-9DCC-464C-B736-414E29D82B7D}.Debug|x86.Build.0 = Debug|Any CPU
		{58112A79-9DCC-464C-B736-414E29D82B7D}.Release|Any CPU.ActiveCfg = Release|Any CPU
		{58112A79-9DCC-464C-B736-414E29D82B7D}.Release|Any CPU.Build.0 = Release|Any CPU
		{58112A79-9DCC-464C-B736-414E29D82B7D}.Release|x64.ActiveCfg = Release|Any CPU
		{58112A79-9DCC-464C-B736-414E29D82B7D}.Release|x64.Build.0 = Release|Any CPU
		{58112A79-9DCC-464C-B736-414E29D82B7D}.Release|x86.ActiveCfg = Release|Any CPU
		{58112A79-9DCC-464C-B736-414E29D82B7D}.Release|x86.Build.0 = Release|Any CPU
		{E2A55C5F-2D9F-4AEB-A9C6-833EFA2E2131}.Debug|Any CPU.ActiveCfg = Debug|Any CPU
		{E2A55C5F-2D9F-4AEB-A9C6-833EFA2E2131}.Debug|Any CPU.Build.0 = Debug|Any CPU
		{E2A55C5F-2D9F-4AEB-A9C6-833EFA2E2131}.Debug|x64.ActiveCfg = Debug|Any CPU
		{E2A55C5F-2D9F-4AEB-A9C6-833EFA2E2131}.Debug|x64.Build.0 = Debug|Any CPU
		{E2A55C5F-2D9F-4AEB-A9C6-833EFA2E2131}.Debug|x86.ActiveCfg = Debug|Any CPU
		{E2A55C5F-2D9F-4AEB-A9C6-833EFA2E2131}.Debug|x86.Build.0 = Debug|Any CPU
		{E2A55C5F-2D9F-4AEB-A9C6-833EFA2E2131}.Release|Any CPU.ActiveCfg = Release|Any CPU
		{E2A55C5F-2D9F-4AEB-A9C6-833EFA2E2131}.Release|Any CPU.Build.0 = Release|Any CPU
		{E2A55C5F-2D9F-4AEB-A9C6-833EFA2E2131}.Release|x64.ActiveCfg = Release|Any CPU
		{E2A55C5F-2D9F-4AEB-A9C6-833EFA2E2131}.Release|x64.Build.0 = Release|Any CPU
		{E2A55C5F-2D9F-4AEB-A9C6-833EFA2E2131}.Release|x86.ActiveCfg = Release|Any CPU
		{E2A55C5F-2D9F-4AEB-A9C6-833EFA2E2131}.Release|x86.Build.0 = Release|Any CPU
		{AD8A00A0-42E7-45DF-AE92-CB6BAFAE7414}.Debug|Any CPU.ActiveCfg = Debug|Any CPU
		{AD8A00A0-42E7-45DF-AE92-CB6BAFAE7414}.Debug|Any CPU.Build.0 = Debug|Any CPU
		{AD8A00A0-42E7-45DF-AE92-CB6BAFAE7414}.Debug|x64.ActiveCfg = Debug|Any CPU
		{AD8A00A0-42E7-45DF-AE92-CB6BAFAE7414}.Debug|x64.Build.0 = Debug|Any CPU
		{AD8A00A0-42E7-45DF-AE92-CB6BAFAE7414}.Debug|x86.ActiveCfg = Debug|Any CPU
		{AD8A00A0-42E7-45DF-AE92-CB6BAFAE7414}.Debug|x86.Build.0 = Debug|Any CPU
		{AD8A00A0-42E7-45DF-AE92-CB6BAFAE7414}.Release|Any CPU.ActiveCfg = Release|Any CPU
		{AD8A00A0-42E7-45DF-AE92-CB6BAFAE7414}.Release|Any CPU.Build.0 = Release|Any CPU
		{AD8A00A0-42E7-45DF-AE92-CB6BAFAE7414}.Release|x64.ActiveCfg = Release|Any CPU
		{AD8A00A0-42E7-45DF-AE92-CB6BAFAE7414}.Release|x64.Build.0 = Release|Any CPU
		{AD8A00A0-42E7-45DF-AE92-CB6BAFAE7414}.Release|x86.ActiveCfg = Release|Any CPU
		{AD8A00A0-42E7-45DF-AE92-CB6BAFAE7414}.Release|x86.Build.0 = Release|Any CPU
		{26DA089F-D523-41D3-967F-FDE2905445B0}.Debug|Any CPU.ActiveCfg = Debug|Any CPU
		{26DA089F-D523-41D3-967F-FDE2905445B0}.Debug|Any CPU.Build.0 = Debug|Any CPU
		{26DA089F-D523-41D3-967F-FDE2905445B0}.Debug|x64.ActiveCfg = Debug|Any CPU
		{26DA089F-D523-41D3-967F-FDE2905445B0}.Debug|x64.Build.0 = Debug|Any CPU
		{26DA089F-D523-41D3-967F-FDE2905445B0}.Debug|x86.ActiveCfg = Debug|Any CPU
		{26DA089F-D523-41D3-967F-FDE2905445B0}.Debug|x86.Build.0 = Debug|Any CPU
		{26DA089F-D523-41D3-967F-FDE2905445B0}.Release|Any CPU.ActiveCfg = Release|Any CPU
		{26DA089F-D523-41D3-967F-FDE2905445B0}.Release|Any CPU.Build.0 = Release|Any CPU
		{26DA089F-D523-41D3-967F-FDE2905445B0}.Release|x64.ActiveCfg = Release|Any CPU
		{26DA089F-D523-41D3-967F-FDE2905445B0}.Release|x64.Build.0 = Release|Any CPU
		{26DA089F-D523-41D3-967F-FDE2905445B0}.Release|x86.ActiveCfg = Release|Any CPU
		{26DA089F-D523-41D3-967F-FDE2905445B0}.Release|x86.Build.0 = Release|Any CPU
		{E259538F-C572-4AB9-86C2-11A70E3CFAE0}.Debug|Any CPU.ActiveCfg = Debug|Any CPU
		{E259538F-C572-4AB9-86C2-11A70E3CFAE0}.Debug|Any CPU.Build.0 = Debug|Any CPU
		{E259538F-C572-4AB9-86C2-11A70E3CFAE0}.Debug|x64.ActiveCfg = Debug|Any CPU
		{E259538F-C572-4AB9-86C2-11A70E3CFAE0}.Debug|x64.Build.0 = Debug|Any CPU
		{E259538F-C572-4AB9-86C2-11A70E3CFAE0}.Debug|x86.ActiveCfg = Debug|Any CPU
		{E259538F-C572-4AB9-86C2-11A70E3CFAE0}.Debug|x86.Build.0 = Debug|Any CPU
		{E259538F-C572-4AB9-86C2-11A70E3CFAE0}.Release|Any CPU.ActiveCfg = Release|Any CPU
		{E259538F-C572-4AB9-86C2-11A70E3CFAE0}.Release|Any CPU.Build.0 = Release|Any CPU
		{E259538F-C572-4AB9-86C2-11A70E3CFAE0}.Release|x64.ActiveCfg = Release|Any CPU
		{E259538F-C572-4AB9-86C2-11A70E3CFAE0}.Release|x64.Build.0 = Release|Any CPU
		{E259538F-C572-4AB9-86C2-11A70E3CFAE0}.Release|x86.ActiveCfg = Release|Any CPU
		{E259538F-C572-4AB9-86C2-11A70E3CFAE0}.Release|x86.Build.0 = Release|Any CPU
	EndGlobalSection
EndGlobal
