
Microsoft Visual Studio Solution File, Format Version 12.00
# Visual Studio Version 16
VisualStudioVersion = 16.0.30114.105
MinimumVisualStudioVersion = 10.0.40219.1
Project("{FAE04EC0-301F-11D3-BF4B-00C04F79EFBC}") = "Receive", "Receive\Receive.csproj", "{953E3949-6CC7-45AC-A1E4-C0B23ED7A73D}"
EndProject
Project("{FAE04EC0-301F-11D3-BF4B-00C04F79EFBC}") = "Send", "Send\Send.csproj", "{00004C08-DDAC-4D54-A819-CE457532CB46}"
EndProject
Project("{FAE04EC0-301F-11D3-BF4B-00C04F79EFBC}") = "MessageContracts", "MessageContracts\MessageContracts.csproj", "{564CEF96-0985-4014-A11C-7E25AC824935}"
EndProject
Global
	GlobalSection(SolutionConfigurationPlatforms) = preSolution
		Debug|Any CPU = Debug|Any CPU
		Debug|x64 = Debug|x64
		Debug|x86 = Debug|x86
		Release|Any CPU = Release|Any CPU
		Release|x64 = Release|x64
		Release|x86 = Release|x86
	EndGlobalSection
	GlobalSection(SolutionProperties) = preSolution
		HideSolutionNode = FALSE
	EndGlobalSection
	GlobalSection(ProjectConfigurationPlatforms) = postSolution
		{953E3949-6CC7-45AC-A1E4-C0B23ED7A73D}.Debug|Any CPU.ActiveCfg = Debug|Any CPU
		{953E3949-6CC7-45AC-A1E4-C0B23ED7A73D}.Debug|Any CPU.Build.0 = Debug|Any CPU
		{953E3949-6CC7-45AC-A1E4-C0B23ED7A73D}.Debug|x64.ActiveCfg = Debug|Any CPU
		{953E3949-6CC7-45AC-A1E4-C0B23ED7A73D}.Debug|x64.Build.0 = Debug|Any CPU
		{953E3949-6CC7-45AC-A1E4-C0B23ED7A73D}.Debug|x86.ActiveCfg = Debug|Any CPU
		{953E3949-6CC7-45AC-A1E4-C0B23ED7A73D}.Debug|x86.Build.0 = Debug|Any CPU
		{953E3949-6CC7-45AC-A1E4-C0B23ED7A73D}.Release|Any CPU.ActiveCfg = Release|Any CPU
		{953E3949-6CC7-45AC-A1E4-C0B23ED7A73D}.Release|Any CPU.Build.0 = Release|Any CPU
		{953E3949-6CC7-45AC-A1E4-C0B23ED7A73D}.Release|x64.ActiveCfg = Release|Any CPU
		{953E3949-6CC7-45AC-A1E4-C0B23ED7A73D}.Release|x64.Build.0 = Release|Any CPU
		{953E3949-6CC7-45AC-A1E4-C0B23ED7A73D}.Release|x86.ActiveCfg = Release|Any CPU
		{953E3949-6CC7-45AC-A1E4-C0B23ED7A73D}.Release|x86.Build.0 = Release|Any CPU
		{00004C08-DDAC-4D54-A819-CE457532CB46}.Debug|Any CPU.ActiveCfg = Debug|Any CPU
		{00004C08-DDAC-4D54-A819-CE457532CB46}.Debug|Any CPU.Build.0 = Debug|Any CPU
		{00004C08-DDAC-4D54-A819-CE457532CB46}.Debug|x64.ActiveCfg = Debug|Any CPU
		{00004C08-DDAC-4D54-A819-CE457532CB46}.Debug|x64.Build.0 = Debug|Any CPU
		{00004C08-DDAC-4D54-A819-CE457532CB46}.Debug|x86.ActiveCfg = Debug|Any CPU
		{00004C08-DDAC-4D54-A819-CE457532CB46}.Debug|x86.Build.0 = Debug|Any CPU
		{00004C08-DDAC-4D54-A819-CE457532CB46}.Release|Any CPU.ActiveCfg = Release|Any CPU
		{00004C08-DDAC-4D54-A819-CE457532CB46}.Release|Any CPU.Build.0 = Release|Any CPU
		{00004C08-DDAC-4D54-A819-CE457532CB46}.Release|x64.ActiveCfg = Release|Any CPU
		{00004C08-DDAC-4D54-A819-CE457532CB46}.Release|x64.Build.0 = Release|Any CPU
		{00004C08-DDAC-4D54-A819-CE457532CB46}.Release|x86.ActiveCfg = Release|Any CPU
		{00004C08-DDAC-4D54-A819-CE457532CB46}.Release|x86.Build.0 = Release|Any CPU
		{564CEF96-0985-4014-A11C-7E25AC824935}.Debug|Any CPU.ActiveCfg = Debug|Any CPU
		{564CEF96-0985-4014-A11C-7E25AC824935}.Debug|Any CPU.Build.0 = Debug|Any CPU
		{564CEF96-0985-4014-A11C-7E25AC824935}.Debug|x64.ActiveCfg = Debug|Any CPU
		{564CEF96-0985-4014-A11C-7E25AC824935}.Debug|x64.Build.0 = Debug|Any CPU
		{564CEF96-0985-4014-A11C-7E25AC824935}.Debug|x86.ActiveCfg = Debug|Any CPU
		{564CEF96-0985-4014-A11C-7E25AC824935}.Debug|x86.Build.0 = Debug|Any CPU
		{564CEF96-0985-4014-A11C-7E25AC824935}.Release|Any CPU.ActiveCfg = Release|Any CPU
		{564CEF96-0985-4014-A11C-7E25AC824935}.Release|Any CPU.Build.0 = Release|Any CPU
		{564CEF96-0985-4014-A11C-7E25AC824935}.Release|x64.ActiveCfg = Release|Any CPU
		{564CEF96-0985-4014-A11C-7E25AC824935}.Release|x64.Build.0 = Release|Any CPU
		{564CEF96-0985-4014-A11C-7E25AC824935}.Release|x86.ActiveCfg = Release|Any CPU
		{564CEF96-0985-4014-A11C-7E25AC824935}.Release|x86.Build.0 = Release|Any CPU
	EndGlobalSection
EndGlobal
